# This file was autogenerated by Stack.
# You should not edit this file by hand.
# For more information, please see the documentation at:
#   https://docs.haskellstack.org/en/stable/lock_files

packages:
- completed:
    hackage: quickselect-0.1.0.0@sha256:15d2af6cfa716b58a780ce1f3551fa1d102164dabfd7427a9600fd195da9431c,3024
    pantry-tree:
      size: 1344
      sha256: 0c21553b7715198b22b1ba24a9c785e80ad0eaca190b8d4fd3515ddad236affc
  original:
    hackage: quickselect-0.1.0.0@sha256:15d2af6cfa716b58a780ce1f3551fa1d102164dabfd7427a9600fd195da9431c,3024
snapshots:
- completed:
    size: 586296
    url: https://raw.githubusercontent.com/commercialhaskell/stackage-snapshots/master/lts/18/18.yaml
    sha256: 63539429076b7ebbab6daa7656cfb079393bf644971156dc349d7c0453694ac2
  original:
    url: https://raw.githubusercontent.com/commercialhaskell/stackage-snapshots/master/lts/18/18.yaml
